
Microsoft Visual Studio Solution File, Format Version 12.00
# Visual Studio Version 17
VisualStudioVersion = 17.4.33110.190
MinimumVisualStudioVersion = 10.0.40219.1
Project("{FAE04EC0-301F-11D3-BF4B-00C04F79EFBC}") = "LeerExcelConBlazor.Server", "Server\LeerExcelConBlazor.Server.csproj", "{08659DFB-69B7-445D-838B-782355069AAD}"
EndProject
Project("{FAE04EC0-301F-11D3-BF4B-00C04F79EFBC}") = "LeerExcelConBlazor.Client", "Client\LeerExcelConBlazor.Client.csproj", "{B081B796-DCB2-4173-997F-66CCA5AA2372}"
EndProject
Project("{FAE04EC0-301F-11D3-BF4B-00C04F79EFBC}") = "LeerExcelConBlazor.Shared", "Shared\LeerExcelConBlazor.Shared.csproj", "{4D210030-5C3E-406E-83A7-67C2273B0E7A}"
EndProject
Global
	GlobalSection(SolutionConfigurationPlatforms) = preSolution
		Debug|Any CPU = Debug|Any CPU
		Release|Any CPU = Release|Any CPU
	EndGlobalSection
	GlobalSection(ProjectConfigurationPlatforms) = postSolution
		{08659DFB-69B7-445D-838B-782355069AAD}.Debug|Any CPU.ActiveCfg = Debug|Any CPU
		{08659DFB-69B7-445D-838B-782355069AAD}.Debug|Any CPU.Build.0 = Debug|Any CPU
		{08659DFB-69B7-445D-838B-782355069AAD}.Release|Any CPU.ActiveCfg = Release|Any CPU
		{08659DFB-69B7-445D-838B-782355069AAD}.Release|Any CPU.Build.0 = Release|Any CPU
		{B081B796-DCB2-4173-997F-66CCA5AA2372}.Debug|Any CPU.ActiveCfg = Debug|Any CPU
		{B081B796-DCB2-4173-997F-66CCA5AA2372}.Debug|Any CPU.Build.0 = Debug|Any CPU
		{B081B796-DCB2-4173-997F-66CCA5AA2372}.Release|Any CPU.ActiveCfg = Release|Any CPU
		{B081B796-DCB2-4173-997F-66CCA5AA2372}.Release|Any CPU.Build.0 = Release|Any CPU
		{4D210030-5C3E-406E-83A7-67C2273B0E7A}.Debug|Any CPU.ActiveCfg = Debug|Any CPU
		{4D210030-5C3E-406E-83A7-67C2273B0E7A}.Debug|Any CPU.Build.0 = Debug|Any CPU
		{4D210030-5C3E-406E-83A7-67C2273B0E7A}.Release|Any CPU.ActiveCfg = Release|Any CPU
		{4D210030-5C3E-406E-83A7-67C2273B0E7A}.Release|Any CPU.Build.0 = Release|Any CPU
	EndGlobalSection
	GlobalSection(SolutionProperties) = preSolution
		HideSolutionNode = FALSE
	EndGlobalSection
	GlobalSection(ExtensibilityGlobals) = postSolution
		SolutionGuid = {25887FA3-9B9C-45BE-B09B-3C78173647D4}
	EndGlobalSection
EndGlobal
